
Microsoft Visual Studio Solution File, Format Version 12.00
# Visual Studio 15
Project("{FAE04EC0-301F-11D3-BF4B-00C04F79EFBC}") = "FLRLasagna.Android", "FLRLasagna.Android\FLRLasagna.Android.csproj", "{CE55E623-2C88-48E5-BDA8-70777E8FC766}"
EndProject
Project("{FAE04EC0-301F-11D3-BF4B-00C04F79EFBC}") = "FLRLasagna.iOS", "FLRLasagna.iOS\FLRLasagna.iOS.csproj", "{79F07910-3B55-4A94-8255-10089276DE4D}"
EndProject
Project("{FAE04EC0-301F-11D3-BF4B-00C04F79EFBC}") = "FLRLasagna", "FLRLasagna\FLRLasagna.csproj", "{D722AF9A-088B-40EC-B77D-89DE952A3A2E}"
EndProject
Global
	GlobalSection(SolutionConfigurationPlatforms) = preSolution
		Debug|Any CPU = Debug|Any CPU
		Release|Any CPU = Release|Any CPU
		Debug|iPhoneSimulator = Debug|iPhoneSimulator
		Release|iPhoneSimulator = Release|iPhoneSimulator
		Debug|iPhone = Debug|iPhone
		Release|iPhone = Release|iPhone
		Ad-Hoc|iPhone = Ad-Hoc|iPhone
		AppStore|iPhone = AppStore|iPhone
	EndGlobalSection
	GlobalSection(ProjectConfigurationPlatforms) = postSolution
		{CE55E623-2C88-48E5-BDA8-70777E8FC766}.Debug|Any CPU.ActiveCfg = Debug|Any CPU
		{CE55E623-2C88-48E5-BDA8-70777E8FC766}.Debug|Any CPU.Build.0 = Debug|Any CPU
		{CE55E623-2C88-48E5-BDA8-70777E8FC766}.Release|Any CPU.ActiveCfg = Release|Any CPU
		{CE55E623-2C88-48E5-BDA8-70777E8FC766}.Release|Any CPU.Build.0 = Release|Any CPU
		{CE55E623-2C88-48E5-BDA8-70777E8FC766}.Debug|iPhoneSimulator.ActiveCfg = Debug|Any CPU
		{CE55E623-2C88-48E5-BDA8-70777E8FC766}.Debug|iPhoneSimulator.Build.0 = Debug|Any CPU
		{CE55E623-2C88-48E5-BDA8-70777E8FC766}.Release|iPhoneSimulator.ActiveCfg = Release|Any CPU
		{CE55E623-2C88-48E5-BDA8-70777E8FC766}.Release|iPhoneSimulator.Build.0 = Release|Any CPU
		{CE55E623-2C88-48E5-BDA8-70777E8FC766}.Debug|iPhone.ActiveCfg = Debug|Any CPU
		{CE55E623-2C88-48E5-BDA8-70777E8FC766}.Debug|iPhone.Build.0 = Debug|Any CPU
		{CE55E623-2C88-48E5-BDA8-70777E8FC766}.Release|iPhone.ActiveCfg = Release|Any CPU
		{CE55E623-2C88-48E5-BDA8-70777E8FC766}.Release|iPhone.Build.0 = Release|Any CPU
		{CE55E623-2C88-48E5-BDA8-70777E8FC766}.Ad-Hoc|iPhone.ActiveCfg = Debug|Any CPU
		{CE55E623-2C88-48E5-BDA8-70777E8FC766}.Ad-Hoc|iPhone.Build.0 = Debug|Any CPU
		{CE55E623-2C88-48E5-BDA8-70777E8FC766}.AppStore|iPhone.ActiveCfg = Debug|Any CPU
		{CE55E623-2C88-48E5-BDA8-70777E8FC766}.AppStore|iPhone.Build.0 = Debug|Any CPU
		{79F07910-3B55-4A94-8255-10089276DE4D}.Debug|Any CPU.ActiveCfg = Debug|iPhoneSimulator
		{79F07910-3B55-4A94-8255-10089276DE4D}.Debug|Any CPU.Build.0 = Debug|iPhoneSimulator
		{79F07910-3B55-4A94-8255-10089276DE4D}.Release|Any CPU.ActiveCfg = Release|iPhoneSimulator
		{79F07910-3B55-4A94-8255-10089276DE4D}.Release|Any CPU.Build.0 = Release|iPhoneSimulator
		{79F07910-3B55-4A94-8255-10089276DE4D}.Debug|iPhoneSimulator.ActiveCfg = Debug|iPhoneSimulator
		{79F07910-3B55-4A94-8255-10089276DE4D}.Debug|iPhoneSimulator.Build.0 = Debug|iPhoneSimulator
		{79F07910-3B55-4A94-8255-10089276DE4D}.Release|iPhoneSimulator.ActiveCfg = Release|iPhoneSimulator
		{79F07910-3B55-4A94-8255-10089276DE4D}.Release|iPhoneSimulator.Build.0 = Release|iPhoneSimulator
		{79F07910-3B55-4A94-8255-10089276DE4D}.Debug|iPhone.ActiveCfg = Debug|iPhone
		{79F07910-3B55-4A94-8255-10089276DE4D}.Debug|iPhone.Build.0 = Debug|iPhone
		{79F07910-3B55-4A94-8255-10089276DE4D}.Release|iPhone.ActiveCfg = Release|iPhone
		{79F07910-3B55-4A94-8255-10089276DE4D}.Release|iPhone.Build.0 = Release|iPhone
		{79F07910-3B55-4A94-8255-10089276DE4D}.Ad-Hoc|iPhone.ActiveCfg = Ad-Hoc|iPhone
		{79F07910-3B55-4A94-8255-10089276DE4D}.Ad-Hoc|iPhone.Build.0 = Ad-Hoc|iPhone
		{79F07910-3B55-4A94-8255-10089276DE4D}.AppStore|iPhone.ActiveCfg = AppStore|iPhone
		{79F07910-3B55-4A94-8255-10089276DE4D}.AppStore|iPhone.Build.0 = AppStore|iPhone
		{D722AF9A-088B-40EC-B77D-89DE952A3A2E}.Debug|Any CPU.ActiveCfg = Debug|Any CPU
		{D722AF9A-088B-40EC-B77D-89DE952A3A2E}.Debug|Any CPU.Build.0 = Debug|Any CPU
		{D722AF9A-088B-40EC-B77D-89DE952A3A2E}.Release|Any CPU.ActiveCfg = Release|Any CPU
		{D722AF9A-088B-40EC-B77D-89DE952A3A2E}.Release|Any CPU.Build.0 = Release|Any CPU
		{D722AF9A-088B-40EC-B77D-89DE952A3A2E}.Debug|iPhoneSimulator.ActiveCfg = Debug|Any CPU
		{D722AF9A-088B-40EC-B77D-89DE952A3A2E}.Debug|iPhoneSimulator.Build.0 = Debug|Any CPU
		{D722AF9A-088B-40EC-B77D-89DE952A3A2E}.Release|iPhoneSimulator.ActiveCfg = Release|Any CPU
		{D722AF9A-088B-40EC-B77D-89DE952A3A2E}.Release|iPhoneSimulator.Build.0 = Release|Any CPU
		{D722AF9A-088B-40EC-B77D-89DE952A3A2E}.Debug|iPhone.ActiveCfg = Debug|Any CPU
		{D722AF9A-088B-40EC-B77D-89DE952A3A2E}.Debug|iPhone.Build.0 = Debug|Any CPU
		{D722AF9A-088B-40EC-B77D-89DE952A3A2E}.Release|iPhone.ActiveCfg = Release|Any CPU
		{D722AF9A-088B-40EC-B77D-89DE952A3A2E}.Release|iPhone.Build.0 = Release|Any CPU
		{D722AF9A-088B-40EC-B77D-89DE952A3A2E}.Ad-Hoc|iPhone.ActiveCfg = Debug|Any CPU
		{D722AF9A-088B-40EC-B77D-89DE952A3A2E}.Ad-Hoc|iPhone.Build.0 = Debug|Any CPU
		{D722AF9A-088B-40EC-B77D-89DE952A3A2E}.AppStore|iPhone.ActiveCfg = Debug|Any CPU
		{D722AF9A-088B-40EC-B77D-89DE952A3A2E}.AppStore|iPhone.Build.0 = Debug|Any CPU
	EndGlobalSection
EndGlobal
